
Microsoft Visual Studio Solution File, Format Version 12.00
# Visual Studio 15
VisualStudioVersion = 15.0.27703.2035
MinimumVisualStudioVersion = 10.0.40219.1
Project("{FAE04EC0-301F-11D3-BF4B-00C04F79EFBC}") = "SourceRconLib", "SourceRconLib\SourceRconLib.csproj", "{FBF6D49B-7DB1-4917-B6BF-672E0A1E96F9}"
EndProject
Global
	GlobalSection(SolutionConfigurationPlatforms) = preSolution
		Debug|Any CPU = Debug|Any CPU
		Release|Any CPU = Release|Any CPU
	EndGlobalSection
	GlobalSection(ProjectConfigurationPlatforms) = postSolution
		{FBF6D49B-7DB1-4917-B6BF-672E0A1E96F9}.Debug|Any CPU.ActiveCfg = Debug|Any CPU
		{FBF6D49B-7DB1-4917-B6BF-672E0A1E96F9}.Debug|Any CPU.Build.0 = Debug|Any CPU
		{FBF6D49B-7DB1-4917-B6BF-672E0A1E96F9}.Release|Any CPU.ActiveCfg = Release|Any CPU
		{FBF6D49B-7DB1-4917-B6BF-672E0A1E96F9}.Release|Any CPU.Build.0 = Release|Any CPU
	EndGlobalSection
	GlobalSection(SolutionProperties) = preSolution
		HideSolutionNode = FALSE
	EndGlobalSection
	GlobalSection(ExtensibilityGlobals) = postSolution
		SolutionGuid = {E1B8EA81-EF97-41F0-961C-CA2BD08833E9}
	EndGlobalSection
EndGlobal
